
Microsoft Visual Studio Solution File, Format Version 12.00
# Visual Studio 2013
VisualStudioVersion = 12.0.30501.0
MinimumVisualStudioVersion = 10.0.40219.1
Project("{FAE04EC0-301F-11D3-BF4B-00C04F79EFBC}") = "StringCalculatorKata.BLL", "StringCalculatorKata.BLL\StringCalculatorKata.BLL.csproj", "{474C657C-0CCD-4034-8692-EBD97D18302E}"
EndProject
Project("{FAE04EC0-301F-11D3-BF4B-00C04F79EFBC}") = "StringCalculatorKata.Tests", "StringCalculatorKata.Tests\StringCalculatorKata.Tests.csproj", "{3783C3D2-E059-4D00-AEB7-5A5ADB0323CC}"
EndProject
Global
	GlobalSection(SolutionConfigurationPlatforms) = preSolution
		Debug|Any CPU = Debug|Any CPU
		Release|Any CPU = Release|Any CPU
	EndGlobalSection
	GlobalSection(ProjectConfigurationPlatforms) = postSolution
		{474C657C-0CCD-4034-8692-EBD97D18302E}.Debug|Any CPU.ActiveCfg = Debug|Any CPU
		{474C657C-0CCD-4034-8692-EBD97D18302E}.Debug|Any CPU.Build.0 = Debug|Any CPU
		{474C657C-0CCD-4034-8692-EBD97D18302E}.Release|Any CPU.ActiveCfg = Release|Any CPU
		{474C657C-0CCD-4034-8692-EBD97D18302E}.Release|Any CPU.Build.0 = Release|Any CPU
		{3783C3D2-E059-4D00-AEB7-5A5ADB0323CC}.Debug|Any CPU.ActiveCfg = Debug|Any CPU
		{3783C3D2-E059-4D00-AEB7-5A5ADB0323CC}.Debug|Any CPU.Build.0 = Debug|Any CPU
		{3783C3D2-E059-4D00-AEB7-5A5ADB0323CC}.Release|Any CPU.ActiveCfg = Release|Any CPU
		{3783C3D2-E059-4D00-AEB7-5A5ADB0323CC}.Release|Any CPU.Build.0 = Release|Any CPU
	EndGlobalSection
	GlobalSection(SolutionProperties) = preSolution
		HideSolutionNode = FALSE
	EndGlobalSection
EndGlobal
